// !$*UTF8*$!
{
	archiveVersion = 1;
	classes = {
	};
	objectVersion = 46;
	objects = {

/* Begin PBXBuildFile section */
		45F509831DD280470051193B /* AppDelegate.swift in Sources */ = {isa = PBXBuildFile; fileRef = 45F509821DD280470051193B /* AppDelegate.swift */; };
		45F509851DD280470051193B /* ViewController.swift in Sources */ = {isa = PBXBuildFile; fileRef = 45F509841DD280470051193B /* ViewController.swift */; };
		45F509881DD280470051193B /* Main.storyboard in Resources */ = {isa = PBXBuildFile; fileRef = 45F509861DD280470051193B /* Main.storyboard */; };
		45F5098A1DD280470051193B /* Assets.xcassets in Resources */ = {isa = PBXBuildFile; fileRef = 45F509891DD280470051193B /* Assets.xcassets */; };
		45F5098D1DD280470051193B /* LaunchScreen.storyboard in Resources */ = {isa = PBXBuildFile; fileRef = 45F5098B1DD280470051193B /* LaunchScreen.storyboard */; };
		45F509951DD280900051193B /* taco.jpg in Resources */ = {isa = PBXBuildFile; fileRef = 45F509941DD280900051193B /* taco.jpg */; };
/* End PBXBuildFile section */

/* Begin PBXFileReference section */
		45F5097F1DD280470051193B /* CIFilter_Blog.app */ = {isa = PBXFileReference; explicitFileType = wrapper.application; includeInIndex = 0; path = CIFilter_Blog.app; sourceTree = BUILT_PRODUCTS_DIR; };
		45F509821DD280470051193B /* AppDelegate.swift */ = {isa = PBXFileReference; lastKnownFileType = sourcecode.swift; path = AppDelegate.swift; sourceTree = "<group>"; };
		45F509841DD280470051193B /* ViewController.swift */ = {isa = PBXFileReference; lastKnownFileType = sourcecode.swift; path = ViewController.swift; sourceTree = "<group>"; };
		45F509871DD280470051193B /* Base */ = {isa = PBXFileReference; lastKnownFileType = file.storyboard; name = Base; path = Base.lproj/Main.storyboard; sourceTree = "<group>"; };
		45F509891DD280470051193B /* Assets.xcassets */ = {isa = PBXFileReference; lastKnownFileType = folder.assetcatalog; path = Assets.xcassets; sourceTree = "<group>"; };
		45F5098C1DD280470051193B /* Base */ = {isa = PBXFileReference; lastKnownFileType = file.storyboard; name = Base; path = Base.lproj/LaunchScreen.storyboard; sourceTree = "<group>"; };
		45F5098E1DD280470051193B /* Info.plist */ = {isa = PBXFileReference; lastKnownFileType = text.plist.xml; path = Info.plist; sourceTree = "<group>"; };
		45F509941DD280900051193B /* taco.jpg */ = {isa = PBXFileReference; lastKnownFileType = image.jpeg; path = taco.jpg; sourceTree = "<group>"; };
/* End PBXFileReference section */

/* Begin PBXFrameworksBuildPhase section */
		45F5097C1DD280470051193B /* Frameworks */ = {
			isa = PBXFrameworksBuildPhase;
			buildActionMask = 2147483647;
			files = (
			);
			runOnlyForDeploymentPostprocessing = 0;
		};
/* End PBXFrameworksBuildPhase section */

/* Begin PBXGroup section */
		45F509761DD280470051193B = {
			isa = PBXGroup;
			children = (
				45F509811DD280470051193B /* CIFilter_Blog */,
				45F509801DD280470051193B /* Products */,
			);
			sourceTree = "<group>";
		};
		45F509801DD280470051193B /* Products */ = {
			isa = PBXGroup;
			children = (
				45F5097F1DD280470051193B /* CIFilter_Blog.app */,
			);
			name = Products;
			sourceTree = "<group>";
		};
		45F509811DD280470051193B /* CIFilter_Blog */ = {
			isa = PBXGroup;
			children = (
				45F509821DD280470051193B /* AppDelegate.swift */,
				45F509841DD280470051193B /* ViewController.swift */,
				45F509861DD280470051193B /* Main.storyboard */,
				45F509891DD280470051193B /* Assets.xcassets */,
				45F509941DD280900051193B /* taco.jpg */,
				45F5098B1DD280470051193B /* LaunchScreen.storyboard */,
				45F5098E1DD280470051193B /* Info.plist */,
			);
			path = CIFilter_Blog;
			sourceTree = "<group>";
		};
/* End PBXGroup section */

/* Begin PBXNativeTarget section */
		45F5097E1DD280470051193B /* CIFilter_Blog */ = {
			isa = PBXNativeTarget;
			buildConfigurationList = 45F509911DD280470051193B /* Build configuration list for PBXNativeTarget "CIFilter_Blog" */;
			buildPhases = (
				45F5097B1DD280470051193B /* Sources */,
				45F5097C1DD280470051193B /* Frameworks */,
				45F5097D1DD280470051193B /* Resources */,
			);
			buildRules = (
			);
			dependencies = (
			);
			name = CIFilter_Blog;
			productName = CIFilter_Blog;
			productReference = 45F5097F1DD280470051193B /* CIFilter_Blog.app */;
			productType = "com.apple.product-type.application";
		};
/* End PBXNativeTarget section */

/* Begin PBXProject section */
		45F509771DD280470051193B /* Project object */ = {
			isa = PBXProject;
			attributes = {
				LastSwiftUpdateCheck = 0800;
				LastUpgradeCheck = 0800;
				ORGANIZATIONNAME = "Erica Millado";
				TargetAttributes = {
					45F5097E1DD280470051193B = {
						CreatedOnToolsVersion = 8.0;
						ProvisioningStyle = Automatic;
					};
				};
			};
			buildConfigurationList = 45F5097A1DD280470051193B /* Build configuration list for PBXProject "CIFilter_Blog" */;
			compatibilityVersion = "Xcode 3.2";
			developmentRegion = English;
			hasScannedForEncodings = 0;
			knownRegions = (
				en,
				Base,
			);
			mainGroup = 45F509761DD280470051193B;
			productRefGroup = 45F509801DD280470051193B /* Products */;
			projectDirPath = "";
			projectRoot = "";
			targets = (
				45F5097E1DD280470051193B /* CIFilter_Blog */,
			);
		};
/* End PBXProject section */

/* Begin PBXResourcesBuildPhase section */
		45F5097D1DD280470051193B /* Resources */ = {
			isa = PBXResourcesBuildPhase;
			buildActionMask = 2147483647;
			files = (
				45F5098D1DD280470051193B /* LaunchScreen.storyboard in Resources */,
				45F5098A1DD280470051193B /* Assets.xcassets in Resources */,
				45F509951DD280900051193B /* taco.jpg in Resources */,
				45F509881DD280470051193B /* Main.storyboard in Resources */,
			);
			runOnlyForDeploymentPostprocessing = 0;
		};
/* End PBXResourcesBuildPhase section */

/* Begin PBXSourcesBuildPhase section */
		45F5097B1DD280470051193B /* Sources */ = {
			isa = PBXSourcesBuildPhase;
			buildActionMask = 2147483647;
			files = (
				45F509851DD280470051193B /* ViewController.swift in Sources */,
				45F509831DD280470051193B /* AppDelegate.swift in Sources */,
			);
			runOnlyForDeploymentPostprocessing = 0;
		};
/* End PBXSourcesBuildPhase section */

/* Begin PBXVariantGroup section */
		45F509861DD280470051193B /* Main.storyboard */ = {
			isa = PBXVariantGroup;
			children = (
				45F509871DD280470051193B /* Base */,
			);
			name = Main.storyboard;
			sourceTree = "<group>";
		};
		45F5098B1DD280470051193B /* LaunchScreen.storyboard */ = {
			isa = PBXVariantGroup;
			children = (
				45F5098C1DD280470051193B /* Base */,
			);
			name = LaunchScreen.storyboard;
			sourceTree = "<group>";
		};
/* End PBXVariantGroup section */

/* Begin XCBuildConfiguration section */
		45F5098F1DD280470051193B /* Debug */ = {
			isa = XCBuildConfiguration;
			buildSettings = {
				ALWAYS_SEARCH_USER_PATHS = NO;
				CLANG_ANALYZER_NONNULL = YES;
				CLANG_CXX_LANGUAGE_STANDARD = "gnu++0x";
				CLANG_CXX_LIBRARY = "libc++";
				CLANG_ENABLE_MODULES = YES;
				CLANG_ENABLE_OBJC_ARC = YES;
				CLANG_WARN_BOOL_CONVERSION = YES;
				CLANG_WARN_CONSTANT_CONVERSION = YES;
				CLANG_WARN_DIRECT_OBJC_ISA_USAGE = YES_ERROR;
				CLANG_WARN_DOCUMENTATION_COMMENTS = YES;
				CLANG_WARN_EMPTY_BODY = YES;
				CLANG_WARN_ENUM_CONVERSION = YES;
				CLANG_WARN_INFINITE_RECURSION = YES;
				CLANG_WARN_INT_CONVERSION = YES;
				CLANG_WARN_OBJC_ROOT_CLASS = YES_ERROR;
				CLANG_WARN_SUSPICIOUS_MOVES = YES;
				CLANG_WARN_UNREACHABLE_CODE = YES;
				CLANG_WARN__DUPLICATE_METHOD_MATCH = YES;
				"CODE_SIGN_IDENTITY[sdk=iphoneos*]" = "iPhone Developer";
				COPY_PHASE_STRIP = NO;
				DEBUG_INFORMATION_FORMAT = dwarf;
				ENABLE_STRICT_OBJC_MSGSEND = YES;
				ENABLE_TESTABILITY = YES;
				GCC_C_LANGUAGE_STANDARD = gnu99;
				GCC_DYNAMIC_NO_PIC = NO;
				GCC_NO_COMMON_BLOCKS = YES;
				GCC_OPTIMIZATION_LEVEL = 0;
				GCC_PREPROCESSOR_DEFINITIONS = (
					"DEBUG=1",
					"$(inherited)",
				);
				GCC_WARN_64_TO_32_BIT_CONVERSION = YES;
				GCC_WARN_ABOUT_RETURN_TYPE = YES_ERROR;
				GCC_WARN_UNDECLARED_SELECTOR = YES;
				GCC_WARN_UNINITIALIZED_AUTOS = YES_AGGRESSIVE;
				GCC_WARN_UNUSED_FUNCTION = YES;
				GCC_WARN_UNUSED_VARIABLE = YES;
				IPHONEOS_DEPLOYMENT_TARGET = 10.0;
				MTL_ENABLE_DEBUG_INFO = YES;
				ONLY_ACTIVE_ARCH = YES;
				SDKROOT = iphoneos;
				SWIFT_ACTIVE_COMPILATION_CONDITIONS = DEBUG;
				SWIFT_OPTIMIZATION_LEVEL = "-Onone";
				TARGETED_DEVICE_FAMILY = "1,2";
			};
			name = Debug;
		};
		45F509901DD280470051193B /* Release */ = {
			isa = XCBuildConfiguration;
			buildSettings = {
				ALWAYS_SEARCH_USER_PATHS = NO;
				CLANG_ANALYZER_NONNULL = YES;
				CLANG_CXX_LANGUAGE_STANDARD = "gnu++0x";
				CLANG_CXX_LIBRARY = "libc++";
				CLANG_ENABLE_MODULES = YES;
				CLANG_ENABLE_OBJC_ARC = YES;
				CLANG_WARN_BOOL_CONVERSION = YES;
				CLANG_WARN_CONSTANT_CONVERSION = YES;
				CLANG_WARN_DIRECT_OBJC_ISA_USAGE = YES_ERROR;
				CLANG_WARN_DOCUMENTATION_COMMENTS = YES;
				CLANG_WARN_EMPTY_BODY = YES;
				CLANG_WARN_ENUM_CONVERSION = YES;
				CLANG_WARN_INFINITE_RECURSION = YES;
				CLANG_WARN_INT_CONVERSION = YES;
				CLANG_WARN_OBJC_ROOT_CLASS = YES_ERROR;
				CLANG_WARN_SUSPICIOUS_MOVES = YES;
				CLANG_WARN_UNREACHABLE_CODE = YES;
				CLANG_WARN__DUPLICATE_METHOD_MATCH = YES;
				"CODE_SIGN_IDENTITY[sdk=iphoneos*]" = "iPhone Developer";
				COPY_PHASE_STRIP = NO;
				DEBUG_INFORMATION_FORMAT = "dwarf-with-dsym";
				ENABLE_NS_ASSERTIONS = NO;
				ENABLE_STRICT_OBJC_MSGSEND = YES;
				GCC_C_LANGUAGE_STANDARD = gnu99;
				GCC_NO_COMMON_BLOCKS = YES;
				GCC_WARN_64_TO_32_BIT_CONVERSION = YES;
				GCC_WARN_ABOUT_RETURN_TYPE = YES_ERROR;
				GCC_WARN_UNDECLARED_SELECTOR = YES;
				GCC_WARN_UNINITIALIZED_AUTOS = YES_AGGRESSIVE;
				GCC_WARN_UNUSED_FUNCTION = YES;
				GCC_WARN_UNUSED_VARIABLE = YES;
				IPHONEOS_DEPLOYMENT_TARGET = 10.0;
				MTL_ENABLE_DEBUG_INFO = NO;
				SDKROOT = iphoneos;
				SWIFT_OPTIMIZATION_LEVEL = "-Owholemodule";
				TARGETED_DEVICE_FAMILY = "1,2";
				VALIDATE_PRODUCT = YES;
			};
			name = Release;
		};
		45F509921DD280470051193B /* Debug */ = {
			isa = XCBuildConfiguration;
			buildSettings = {
				ASSETCATALOG_COMPILER_APPICON_NAME = AppIcon;
				INFOPLIST_FILE = CIFilter_Blog/Info.plist;
				LD_RUNPATH_SEARCH_PATHS = "$(inherited) @executable_path/Frameworks";
				PRODUCT_BUNDLE_IDENTIFIER = "com.yayitserica.CIFilter-Blog";
				PRODUCT_NAME = "$(TARGET_NAME)";
				SWIFT_VERSION = 3.0;
			};
			name = Debug;
		};
		45F509931DD280470051193B /* Release */ = {
			isa = XCBuildConfiguration;
			buildSettings = {
				ASSETCATALOG_COMPILER_APPICON_NAME = AppIcon;
				INFOPLIST_FILE = CIFilter_Blog/Info.plist;
				LD_RUNPATH_SEARCH_PATHS = "$(inherited) @executable_path/Frameworks";
				PRODUCT_BUNDLE_IDENTIFIER = "com.yayitserica.CIFilter-Blog";
				PRODUCT_NAME = "$(TARGET_NAME)";
				SWIFT_VERSION = 3.0;
			};
			name = Release;
		};
/* End XCBuildConfiguration section */

/* Begin XCConfigurationList section */
		45F5097A1DD280470051193B /* Build configuration list for PBXProject "CIFilter_Blog" */ = {
			isa = XCConfigurationList;
			buildConfigurations = (
				45F5098F1DD280470051193B /* Debug */,
				45F509901DD280470051193B /* Release */,
			);
			defaultConfigurationIsVisible = 0;
			defaultConfigurationName = Release;
		};
		45F509911DD280470051193B /* Build configuration list for PBXNativeTarget "CIFilter_Blog" */ = {
			isa = XCConfigurationList;
			buildConfigurations = (
				45F509921DD280470051193B /* Debug */,
				45F509931DD280470051193B /* Release */,
			);
			defaultConfigurationIsVisible = 0;
			defaultConfigurationName = Release;
		};
/* End XCConfigurationList section */
	};
	rootObject = 45F509771DD280470051193B /* Project object */;
}
